// !$*UTF8*$!
{
	archiveVersion = 1;
	classes = {
	};
	objectVersion = 48;
	objects = {

/* Begin PBXBuildFile section */
		3546B2D72043C96D0054F9BB /* CategoryViewController.swift in Sources */ = {isa = PBXBuildFile; fileRef = 3546B2D62043C96D0054F9BB /* CategoryViewController.swift */; };
		3546B2DB2044AD700054F9BB /* Item.swift in Sources */ = {isa = PBXBuildFile; fileRef = 3546B2DA2044AD700054F9BB /* Item.swift */; };
		3546B2DD2044AD7D0054F9BB /* Category.swift in Sources */ = {isa = PBXBuildFile; fileRef = 3546B2DC2044AD7D0054F9BB /* Category.swift */; };
		3546B2DF204742CA0054F9BB /* SwipeTableViewController.swift in Sources */ = {isa = PBXBuildFile; fileRef = 3546B2DE204742CA0054F9BB /* SwipeTableViewController.swift */; };
		35C0A1D4203F42AA009F74D1 /* AppDelegate.swift in Sources */ = {isa = PBXBuildFile; fileRef = 35C0A1D3203F42AA009F74D1 /* AppDelegate.swift */; };
		35C0A1D6203F42AA009F74D1 /* TodoListViewController.swift in Sources */ = {isa = PBXBuildFile; fileRef = 35C0A1D5203F42AA009F74D1 /* TodoListViewController.swift */; };
		35C0A1D9203F42AA009F74D1 /* Main.storyboard in Resources */ = {isa = PBXBuildFile; fileRef = 35C0A1D7203F42AA009F74D1 /* Main.storyboard */; };
		35C0A1DB203F42AA009F74D1 /* Assets.xcassets in Resources */ = {isa = PBXBuildFile; fileRef = 35C0A1DA203F42AA009F74D1 /* Assets.xcassets */; };
		35C0A1DE203F42AA009F74D1 /* LaunchScreen.storyboard in Resources */ = {isa = PBXBuildFile; fileRef = 35C0A1DC203F42AA009F74D1 /* LaunchScreen.storyboard */; };
		6F22004D1851F1A765C78E51 /* Pods_Todoey.framework in Frameworks */ = {isa = PBXBuildFile; fileRef = 52712AC53CB22201B2DADFDC /* Pods_Todoey.framework */; };
/* End PBXBuildFile section */

/* Begin PBXFileReference section */
		0A31C37F750418F015EBF4AA /* Pods-Todoey.debug.xcconfig */ = {isa = PBXFileReference; includeInIndex = 1; lastKnownFileType = text.xcconfig; name = "Pods-Todoey.debug.xcconfig"; path = "Pods/Target Support Files/Pods-Todoey/Pods-Todoey.debug.xcconfig"; sourceTree = "<group>"; };
		3546B2D62043C96D0054F9BB /* CategoryViewController.swift */ = {isa = PBXFileReference; lastKnownFileType = sourcecode.swift; path = CategoryViewController.swift; sourceTree = "<group>"; };
		3546B2DA2044AD700054F9BB /* Item.swift */ = {isa = PBXFileReference; lastKnownFileType = sourcecode.swift; path = Item.swift; sourceTree = "<group>"; };
		3546B2DC2044AD7D0054F9BB /* Category.swift */ = {isa = PBXFileReference; lastKnownFileType = sourcecode.swift; path = Category.swift; sourceTree = "<group>"; };
		3546B2DE204742CA0054F9BB /* SwipeTableViewController.swift */ = {isa = PBXFileReference; lastKnownFileType = sourcecode.swift; path = SwipeTableViewController.swift; sourceTree = "<group>"; };
		35C0A1D0203F42AA009F74D1 /* Todoey.app */ = {isa = PBXFileReference; explicitFileType = wrapper.application; includeInIndex = 0; path = Todoey.app; sourceTree = BUILT_PRODUCTS_DIR; };
		35C0A1D3203F42AA009F74D1 /* AppDelegate.swift */ = {isa = PBXFileReference; lastKnownFileType = sourcecode.swift; path = AppDelegate.swift; sourceTree = "<group>"; };
		35C0A1D5203F42AA009F74D1 /* TodoListViewController.swift */ = {isa = PBXFileReference; lastKnownFileType = sourcecode.swift; path = TodoListViewController.swift; sourceTree = "<group>"; };
		35C0A1D8203F42AA009F74D1 /* Base */ = {isa = PBXFileReference; lastKnownFileType = file.storyboard; name = Base; path = Base.lproj/Main.storyboard; sourceTree = "<group>"; };
		35C0A1DA203F42AA009F74D1 /* Assets.xcassets */ = {isa = PBXFileReference; lastKnownFileType = folder.assetcatalog; path = Assets.xcassets; sourceTree = "<group>"; };
		35C0A1DD203F42AA009F74D1 /* Base */ = {isa = PBXFileReference; lastKnownFileType = file.storyboard; name = Base; path = Base.lproj/LaunchScreen.storyboard; sourceTree = "<group>"; };
		35C0A1DF203F42AA009F74D1 /* Info.plist */ = {isa = PBXFileReference; lastKnownFileType = text.plist.xml; path = Info.plist; sourceTree = "<group>"; };
		52712AC53CB22201B2DADFDC /* Pods_Todoey.framework */ = {isa = PBXFileReference; explicitFileType = wrapper.framework; includeInIndex = 0; path = Pods_Todoey.framework; sourceTree = BUILT_PRODUCTS_DIR; };
		A18BA37CE03B2D125FED3448 /* Pods-Todoey.release.xcconfig */ = {isa = PBXFileReference; includeInIndex = 1; lastKnownFileType = text.xcconfig; name = "Pods-Todoey.release.xcconfig"; path = "Pods/Target Support Files/Pods-Todoey/Pods-Todoey.release.xcconfig"; sourceTree = "<group>"; };
/* End PBXFileReference section */

/* Begin PBXFrameworksBuildPhase section */
		35C0A1CD203F42AA009F74D1 /* Frameworks */ = {
			isa = PBXFrameworksBuildPhase;
			buildActionMask = 2147483647;
			files = (
				6F22004D1851F1A765C78E51 /* Pods_Todoey.framework in Frameworks */,
			);
			runOnlyForDeploymentPostprocessing = 0;
		};
/* End PBXFrameworksBuildPhase section */

/* Begin PBXGroup section */
		1956E6658028D95D5702EAD1 /* Pods */ = {
			isa = PBXGroup;
			children = (
				0A31C37F750418F015EBF4AA /* Pods-Todoey.debug.xcconfig */,
				A18BA37CE03B2D125FED3448 /* Pods-Todoey.release.xcconfig */,
			);
			name = Pods;
			sourceTree = "<group>";
		};
		3546B2AE203F83000054F9BB /* Data Model */ = {
			isa = PBXGroup;
			children = (
				3546B2DC2044AD7D0054F9BB /* Category.swift */,
				3546B2DA2044AD700054F9BB /* Item.swift */,
			);
			path = "Data Model";
			sourceTree = "<group>";
		};
		3546B2AF203F83230054F9BB /* Controllers */ = {
			isa = PBXGroup;
			children = (
				3546B2D62043C96D0054F9BB /* CategoryViewController.swift */,
				35C0A1D5203F42AA009F74D1 /* TodoListViewController.swift */,
				3546B2DE204742CA0054F9BB /* SwipeTableViewController.swift */,
			);
			path = Controllers;
			sourceTree = "<group>";
		};
		3546B2B0203F83320054F9BB /* Views */ = {
			isa = PBXGroup;
			children = (
				35C0A1D7203F42AA009F74D1 /* Main.storyboard */,
				35C0A1DC203F42AA009F74D1 /* LaunchScreen.storyboard */,
			);
			path = Views;
			sourceTree = "<group>";
		};
		3546B2B1203F83580054F9BB /* Supporting Files */ = {
			isa = PBXGroup;
			children = (
				35C0A1DA203F42AA009F74D1 /* Assets.xcassets */,
			);
			path = "Supporting Files";
			sourceTree = "<group>";
		};
		35C0A1C7203F42AA009F74D1 = {
			isa = PBXGroup;
			children = (
				35C0A1D2203F42AA009F74D1 /* Todoey */,
				35C0A1D1203F42AA009F74D1 /* Products */,
				1956E6658028D95D5702EAD1 /* Pods */,
				B1EFDD7EBACFC341B913832A /* Frameworks */,
			);
			sourceTree = "<group>";
		};
		35C0A1D1203F42AA009F74D1 /* Products */ = {
			isa = PBXGroup;
			children = (
				35C0A1D0203F42AA009F74D1 /* Todoey.app */,
			);
			name = Products;
			sourceTree = "<group>";
		};
		35C0A1D2203F42AA009F74D1 /* Todoey */ = {
			isa = PBXGroup;
			children = (
				35C0A1D3203F42AA009F74D1 /* AppDelegate.swift */,
				3546B2B0203F83320054F9BB /* Views */,
				3546B2AF203F83230054F9BB /* Controllers */,
				3546B2AE203F83000054F9BB /* Data Model */,
				3546B2B1203F83580054F9BB /* Supporting Files */,
				35C0A1DF203F42AA009F74D1 /* Info.plist */,
			);
			path = Todoey;
			sourceTree = "<group>";
		};
		B1EFDD7EBACFC341B913832A /* Frameworks */ = {
			isa = PBXGroup;
			children = (
				52712AC53CB22201B2DADFDC /* Pods_Todoey.framework */,
			);
			name = Frameworks;
			sourceTree = "<group>";
		};
/* End PBXGroup section */

/* Begin PBXNativeTarget section */
		35C0A1CF203F42AA009F74D1 /* Todoey */ = {
			isa = PBXNativeTarget;
			buildConfigurationList = 35C0A1E2203F42AA009F74D1 /* Build configuration list for PBXNativeTarget "Todoey" */;
			buildPhases = (
				43F0FBE9BBFF7A34A2A9CB85 /* [CP] Check Pods Manifest.lock */,
				35C0A1CC203F42AA009F74D1 /* Sources */,
				35C0A1CD203F42AA009F74D1 /* Frameworks */,
				35C0A1CE203F42AA009F74D1 /* Resources */,
				636937C45E6C327FB904ACEA /* [CP] Embed Pods Frameworks */,
				F99714C592D19C5D73576B8D /* [CP] Copy Pods Resources */,
			);
			buildRules = (
			);
			dependencies = (
			);
			name = Todoey;
			productName = Todoey;
			productReference = 35C0A1D0203F42AA009F74D1 /* Todoey.app */;
			productType = "com.apple.product-type.application";
		};
/* End PBXNativeTarget section */

/* Begin PBXProject section */
		35C0A1C8203F42AA009F74D1 /* Project object */ = {
			isa = PBXProject;
			attributes = {
				LastSwiftUpdateCheck = 0920;
				LastUpgradeCheck = 0920;
				ORGANIZATIONNAME = "Kyle Wang";
				TargetAttributes = {
					35C0A1CF203F42AA009F74D1 = {
						CreatedOnToolsVersion = 9.2;
						ProvisioningStyle = Automatic;
					};
				};
			};
			buildConfigurationList = 35C0A1CB203F42AA009F74D1 /* Build configuration list for PBXProject "Todoey" */;
			compatibilityVersion = "Xcode 8.0";
			developmentRegion = en;
			hasScannedForEncodings = 0;
			knownRegions = (
				en,
				Base,
			);
			mainGroup = 35C0A1C7203F42AA009F74D1;
			productRefGroup = 35C0A1D1203F42AA009F74D1 /* Products */;
			projectDirPath = "";
			projectRoot = "";
			targets = (
				35C0A1CF203F42AA009F74D1 /* Todoey */,
			);
		};
/* End PBXProject section */

/* Begin PBXResourcesBuildPhase section */
		35C0A1CE203F42AA009F74D1 /* Resources */ = {
			isa = PBXResourcesBuildPhase;
			buildActionMask = 2147483647;
			files = (
				35C0A1DE203F42AA009F74D1 /* LaunchScreen.storyboard in Resources */,
				35C0A1DB203F42AA009F74D1 /* Assets.xcassets in Resources */,
				35C0A1D9203F42AA009F74D1 /* Main.storyboard in Resources */,
			);
			runOnlyForDeploymentPostprocessing = 0;
		};
/* End PBXResourcesBuildPhase section */

/* Begin PBXShellScriptBuildPhase section */
		43F0FBE9BBFF7A34A2A9CB85 /* [CP] Check Pods Manifest.lock */ = {
			isa = PBXShellScriptBuildPhase;
			buildActionMask = 2147483647;
			files = (
			);
			inputPaths = (
				"${PODS_PODFILE_DIR_PATH}/Podfile.lock",
				"${PODS_ROOT}/Manifest.lock",
			);
			name = "[CP] Check Pods Manifest.lock";
			outputPaths = (
				"$(DERIVED_FILE_DIR)/Pods-Todoey-checkManifestLockResult.txt",
			);
			runOnlyForDeploymentPostprocessing = 0;
			shellPath = /bin/sh;
			shellScript = "diff \"${PODS_PODFILE_DIR_PATH}/Podfile.lock\" \"${PODS_ROOT}/Manifest.lock\" > /dev/null\nif [ $? != 0 ] ; then\n    # print error to STDERR\n    echo \"error: The sandbox is not in sync with the Podfile.lock. Run 'pod install' or update your CocoaPods installation.\" >&2\n    exit 1\nfi\n# This output is used by Xcode 'outputs' to avoid re-running this script phase.\necho \"SUCCESS\" > \"${SCRIPT_OUTPUT_FILE_0}\"\n";
			showEnvVarsInLog = 0;
		};
		636937C45E6C327FB904ACEA /* [CP] Embed Pods Frameworks */ = {
			isa = PBXShellScriptBuildPhase;
			buildActionMask = 2147483647;
			files = (
			);
			inputPaths = (
				"${SRCROOT}/Pods/Target Support Files/Pods-Todoey/Pods-Todoey-frameworks.sh",
				"${BUILT_PRODUCTS_DIR}/Realm/Realm.framework",
				"${BUILT_PRODUCTS_DIR}/RealmSwift/RealmSwift.framework",
				"${BUILT_PRODUCTS_DIR}/SwipeCellKit/SwipeCellKit.framework",
			);
			name = "[CP] Embed Pods Frameworks";
			outputPaths = (
				"${TARGET_BUILD_DIR}/${FRAMEWORKS_FOLDER_PATH}/Realm.framework",
				"${TARGET_BUILD_DIR}/${FRAMEWORKS_FOLDER_PATH}/RealmSwift.framework",
				"${TARGET_BUILD_DIR}/${FRAMEWORKS_FOLDER_PATH}/SwipeCellKit.framework",
			);
			runOnlyForDeploymentPostprocessing = 0;
			shellPath = /bin/sh;
			shellScript = "\"${SRCROOT}/Pods/Target Support Files/Pods-Todoey/Pods-Todoey-frameworks.sh\"\n";
			showEnvVarsInLog = 0;
		};
		F99714C592D19C5D73576B8D /* [CP] Copy Pods Resources */ = {
			isa = PBXShellScriptBuildPhase;
			buildActionMask = 2147483647;
			files = (
			);
			inputPaths = (
			);
			name = "[CP] Copy Pods Resources";
			outputPaths = (
			);
			runOnlyForDeploymentPostprocessing = 0;
			shellPath = /bin/sh;
			shellScript = "\"${SRCROOT}/Pods/Target Support Files/Pods-Todoey/Pods-Todoey-resources.sh\"\n";
			showEnvVarsInLog = 0;
		};
/* End PBXShellScriptBuildPhase section */

/* Begin PBXSourcesBuildPhase section */
		35C0A1CC203F42AA009F74D1 /* Sources */ = {
			isa = PBXSourcesBuildPhase;
			buildActionMask = 2147483647;
			files = (
				3546B2DB2044AD700054F9BB /* Item.swift in Sources */,
				3546B2D72043C96D0054F9BB /* CategoryViewController.swift in Sources */,
				35C0A1D6203F42AA009F74D1 /* TodoListViewController.swift in Sources */,
				35C0A1D4203F42AA009F74D1 /* AppDelegate.swift in Sources */,
				3546B2DF204742CA0054F9BB /* SwipeTableViewController.swift in Sources */,
				3546B2DD2044AD7D0054F9BB /* Category.swift in Sources */,
			);
			runOnlyForDeploymentPostprocessing = 0;
		};
/* End PBXSourcesBuildPhase section */

/* Begin PBXVariantGroup section */
		35C0A1D7203F42AA009F74D1 /* Main.storyboard */ = {
			isa = PBXVariantGroup;
			children = (
				35C0A1D8203F42AA009F74D1 /* Base */,
			);
			name = Main.storyboard;
			sourceTree = "<group>";
		};
		35C0A1DC203F42AA009F74D1 /* LaunchScreen.storyboard */ = {
			isa = PBXVariantGroup;
			children = (
				35C0A1DD203F42AA009F74D1 /* Base */,
			);
			name = LaunchScreen.storyboard;
			sourceTree = "<group>";
		};
/* End PBXVariantGroup section */

/* Begin XCBuildConfiguration section */
		35C0A1E0203F42AA009F74D1 /* Debug */ = {
			isa = XCBuildConfiguration;
			buildSettings = {
				ALWAYS_SEARCH_USER_PATHS = NO;
				CLANG_ANALYZER_NONNULL = YES;
				CLANG_ANALYZER_NUMBER_OBJECT_CONVERSION = YES_AGGRESSIVE;
				CLANG_CXX_LANGUAGE_STANDARD = "gnu++14";
				CLANG_CXX_LIBRARY = "libc++";
				CLANG_ENABLE_MODULES = YES;
				CLANG_ENABLE_OBJC_ARC = YES;
				CLANG_WARN_BLOCK_CAPTURE_AUTORELEASING = YES;
				CLANG_WARN_BOOL_CONVERSION = YES;
				CLANG_WARN_COMMA = YES;
				CLANG_WARN_CONSTANT_CONVERSION = YES;
				CLANG_WARN_DIRECT_OBJC_ISA_USAGE = YES_ERROR;
				CLANG_WARN_DOCUMENTATION_COMMENTS = YES;
				CLANG_WARN_EMPTY_BODY = YES;
				CLANG_WARN_ENUM_CONVERSION = YES;
				CLANG_WARN_INFINITE_RECURSION = YES;
				CLANG_WARN_INT_CONVERSION = YES;
				CLANG_WARN_NON_LITERAL_NULL_CONVERSION = YES;
				CLANG_WARN_OBJC_LITERAL_CONVERSION = YES;
				CLANG_WARN_OBJC_ROOT_CLASS = YES_ERROR;
				CLANG_WARN_RANGE_LOOP_ANALYSIS = YES;
				CLANG_WARN_STRICT_PROTOTYPES = YES;
				CLANG_WARN_SUSPICIOUS_MOVE = YES;
				CLANG_WARN_UNGUARDED_AVAILABILITY = YES_AGGRESSIVE;
				CLANG_WARN_UNREACHABLE_CODE = YES;
				CLANG_WARN__DUPLICATE_METHOD_MATCH = YES;
				CODE_SIGN_IDENTITY = "iPhone Developer";
				COPY_PHASE_STRIP = NO;
				DEBUG_INFORMATION_FORMAT = dwarf;
				ENABLE_STRICT_OBJC_MSGSEND = YES;
				ENABLE_TESTABILITY = YES;
				GCC_C_LANGUAGE_STANDARD = gnu11;
				GCC_DYNAMIC_NO_PIC = NO;
				GCC_NO_COMMON_BLOCKS = YES;
				GCC_OPTIMIZATION_LEVEL = 0;
				GCC_PREPROCESSOR_DEFINITIONS = (
					"DEBUG=1",
					"$(inherited)",
				);
				GCC_WARN_64_TO_32_BIT_CONVERSION = YES;
				GCC_WARN_ABOUT_RETURN_TYPE = YES_ERROR;
				GCC_WARN_UNDECLARED_SELECTOR = YES;
				GCC_WARN_UNINITIALIZED_AUTOS = YES_AGGRESSIVE;
				GCC_WARN_UNUSED_FUNCTION = YES;
				GCC_WARN_UNUSED_VARIABLE = YES;
				IPHONEOS_DEPLOYMENT_TARGET = 11.2;
				MTL_ENABLE_DEBUG_INFO = YES;
				ONLY_ACTIVE_ARCH = YES;
				SDKROOT = iphoneos;
				SWIFT_ACTIVE_COMPILATION_CONDITIONS = DEBUG;
				SWIFT_OPTIMIZATION_LEVEL = "-Onone";
			};
			name = Debug;
		};
		35C0A1E1203F42AA009F74D1 /* Release */ = {
			isa = XCBuildConfiguration;
			buildSettings = {
				ALWAYS_SEARCH_USER_PATHS = NO;
				CLANG_ANALYZER_NONNULL = YES;
				CLANG_ANALYZER_NUMBER_OBJECT_CONVERSION = YES_AGGRESSIVE;
				CLANG_CXX_LANGUAGE_STANDARD = "gnu++14";
				CLANG_CXX_LIBRARY = "libc++";
				CLANG_ENABLE_MODULES = YES;
				CLANG_ENABLE_OBJC_ARC = YES;
				CLANG_WARN_BLOCK_CAPTURE_AUTORELEASING = YES;
				CLANG_WARN_BOOL_CONVERSION = YES;
				CLANG_WARN_COMMA = YES;
				CLANG_WARN_CONSTANT_CONVERSION = YES;
				CLANG_WARN_DIRECT_OBJC_ISA_USAGE = YES_ERROR;
				CLANG_WARN_DOCUMENTATION_COMMENTS = YES;
				CLANG_WARN_EMPTY_BODY = YES;
				CLANG_WARN_ENUM_CONVERSION = YES;
				CLANG_WARN_INFINITE_RECURSION = YES;
				CLANG_WARN_INT_CONVERSION = YES;
				CLANG_WARN_NON_LITERAL_NULL_CONVERSION = YES;
				CLANG_WARN_OBJC_LITERAL_CONVERSION = YES;
				CLANG_WARN_OBJC_ROOT_CLASS = YES_ERROR;
				CLANG_WARN_RANGE_LOOP_ANALYSIS = YES;
				CLANG_WARN_STRICT_PROTOTYPES = YES;
				CLANG_WARN_SUSPICIOUS_MOVE = YES;
				CLANG_WARN_UNGUARDED_AVAILABILITY = YES_AGGRESSIVE;
				CLANG_WARN_UNREACHABLE_CODE = YES;
				CLANG_WARN__DUPLICATE_METHOD_MATCH = YES;
				CODE_SIGN_IDENTITY = "iPhone Developer";
				COPY_PHASE_STRIP = NO;
				DEBUG_INFORMATION_FORMAT = "dwarf-with-dsym";
				ENABLE_NS_ASSERTIONS = NO;
				ENABLE_STRICT_OBJC_MSGSEND = YES;
				GCC_C_LANGUAGE_STANDARD = gnu11;
				GCC_NO_COMMON_BLOCKS = YES;
				GCC_WARN_64_TO_32_BIT_CONVERSION = YES;
				GCC_WARN_ABOUT_RETURN_TYPE = YES_ERROR;
				GCC_WARN_UNDECLARED_SELECTOR = YES;
				GCC_WARN_UNINITIALIZED_AUTOS = YES_AGGRESSIVE;
				GCC_WARN_UNUSED_FUNCTION = YES;
				GCC_WARN_UNUSED_VARIABLE = YES;
				IPHONEOS_DEPLOYMENT_TARGET = 11.2;
				MTL_ENABLE_DEBUG_INFO = NO;
				SDKROOT = iphoneos;
				SWIFT_OPTIMIZATION_LEVEL = "-Owholemodule";
				VALIDATE_PRODUCT = YES;
			};
			name = Release;
		};
		35C0A1E3203F42AA009F74D1 /* Debug */ = {
			isa = XCBuildConfiguration;
			baseConfigurationReference = 0A31C37F750418F015EBF4AA /* Pods-Todoey.debug.xcconfig */;
			buildSettings = {
				ASSETCATALOG_COMPILER_APPICON_NAME = AppIcon;
				CODE_SIGN_STYLE = Automatic;
				DEVELOPMENT_TEAM = UGC6L7VCAJ;
				INFOPLIST_FILE = Todoey/Info.plist;
				LD_RUNPATH_SEARCH_PATHS = "$(inherited) @executable_path/Frameworks";
				PRODUCT_BUNDLE_IDENTIFIER = myCompany.Todoey;
				PRODUCT_NAME = "$(TARGET_NAME)";
				SWIFT_VERSION = 4.0;
				TARGETED_DEVICE_FAMILY = "1,2";
			};
			name = Debug;
		};
		35C0A1E4203F42AA009F74D1 /* Release */ = {
			isa = XCBuildConfiguration;
			baseConfigurationReference = A18BA37CE03B2D125FED3448 /* Pods-Todoey.release.xcconfig */;
			buildSettings = {
				ASSETCATALOG_COMPILER_APPICON_NAME = AppIcon;
				CODE_SIGN_STYLE = Automatic;
				DEVELOPMENT_TEAM = UGC6L7VCAJ;
				INFOPLIST_FILE = Todoey/Info.plist;
				LD_RUNPATH_SEARCH_PATHS = "$(inherited) @executable_path/Frameworks";
				PRODUCT_BUNDLE_IDENTIFIER = myCompany.Todoey;
				PRODUCT_NAME = "$(TARGET_NAME)";
				SWIFT_VERSION = 4.0;
				TARGETED_DEVICE_FAMILY = "1,2";
			};
			name = Release;
		};
/* End XCBuildConfiguration section */

/* Begin XCConfigurationList section */
		35C0A1CB203F42AA009F74D1 /* Build configuration list for PBXProject "Todoey" */ = {
			isa = XCConfigurationList;
			buildConfigurations = (
				35C0A1E0203F42AA009F74D1 /* Debug */,
				35C0A1E1203F42AA009F74D1 /* Release */,
			);
			defaultConfigurationIsVisible = 0;
			defaultConfigurationName = Release;
		};
		35C0A1E2203F42AA009F74D1 /* Build configuration list for PBXNativeTarget "Todoey" */ = {
			isa = XCConfigurationList;
			buildConfigurations = (
				35C0A1E3203F42AA009F74D1 /* Debug */,
				35C0A1E4203F42AA009F74D1 /* Release */,
			);
			defaultConfigurationIsVisible = 0;
			defaultConfigurationName = Release;
		};
/* End XCConfigurationList section */
	};
	rootObject = 35C0A1C8203F42AA009F74D1 /* Project object */;
}
